
Microsoft Visual Studio Solution File, Format Version 12.00
# Visual Studio Version 16
VisualStudioVersion = 16.0.28711.60
MinimumVisualStudioVersion = 10.0.40219.1
Project("{9A19103F-16F7-4668-BE54-9A1E7A4F7556}") = "AliasEngine", "AliasEngine\AliasEngine.csproj", "{220CAB50-4B14-48F7-801B-40B07C0B4CA2}"
EndProject
Project("{FAE04EC0-301F-11D3-BF4B-00C04F79EFBC}") = "AliasEngine.Tests", "AliasEngine.Tests\AliasEngine.Tests.csproj", "{8AE689DE-3804-44AA-915C-93A1E7577F0F}"
EndProject
Global
	GlobalSection(SolutionConfigurationPlatforms) = preSolution
		Debug|Any CPU = Debug|Any CPU
		Release|Any CPU = Release|Any CPU
	EndGlobalSection
	GlobalSection(ProjectConfigurationPlatforms) = postSolution
		{220CAB50-4B14-48F7-801B-40B07C0B4CA2}.Debug|Any CPU.ActiveCfg = Debug|Any CPU
		{220CAB50-4B14-48F7-801B-40B07C0B4CA2}.Debug|Any CPU.Build.0 = Debug|Any CPU
		{220CAB50-4B14-48F7-801B-40B07C0B4CA2}.Release|Any CPU.ActiveCfg = Release|Any CPU
		{220CAB50-4B14-48F7-801B-40B07C0B4CA2}.Release|Any CPU.Build.0 = Release|Any CPU
		{8AE689DE-3804-44AA-915C-93A1E7577F0F}.Debug|Any CPU.ActiveCfg = Debug|Any CPU
		{8AE689DE-3804-44AA-915C-93A1E7577F0F}.Debug|Any CPU.Build.0 = Debug|Any CPU
		{8AE689DE-3804-44AA-915C-93A1E7577F0F}.Release|Any CPU.ActiveCfg = Release|Any CPU
		{8AE689DE-3804-44AA-915C-93A1E7577F0F}.Release|Any CPU.Build.0 = Release|Any CPU
	EndGlobalSection
	GlobalSection(SolutionProperties) = preSolution
		HideSolutionNode = FALSE
	EndGlobalSection
	GlobalSection(ExtensibilityGlobals) = postSolution
		SolutionGuid = {9749A0D6-A676-466D-AEF8-37F072FF3DBD}
	EndGlobalSection
EndGlobal
